// !$*UTF8*$!
{
	archiveVersion = 1;
	classes = {
	};
	objectVersion = 50;
	objects = {

/* Begin PBXBuildFile section */
		3CFE4979216B4E270053BD30 /* AppDelegate.swift in Sources */ = {isa = PBXBuildFile; fileRef = 3CFE4978216B4E270053BD30 /* AppDelegate.swift */; };
		3CFE497B216B4E270053BD30 /* ViewController.swift in Sources */ = {isa = PBXBuildFile; fileRef = 3CFE497A216B4E270053BD30 /* ViewController.swift */; };
		3CFE497E216B4E270053BD30 /* Main.storyboard in Resources */ = {isa = PBXBuildFile; fileRef = 3CFE497C216B4E270053BD30 /* Main.storyboard */; };
		3CFE4980216B4E280053BD30 /* Assets.xcassets in Resources */ = {isa = PBXBuildFile; fileRef = 3CFE497F216B4E280053BD30 /* Assets.xcassets */; };
		3CFE4983216B4E280053BD30 /* LaunchScreen.storyboard in Resources */ = {isa = PBXBuildFile; fileRef = 3CFE4981216B4E280053BD30 /* LaunchScreen.storyboard */; };
		3CFE498E216B4E280053BD30 /* CarTimerTests.swift in Sources */ = {isa = PBXBuildFile; fileRef = 3CFE498D216B4E280053BD30 /* CarTimerTests.swift */; };
		3CFE4999216B4E280053BD30 /* CarTimerUITests.swift in Sources */ = {isa = PBXBuildFile; fileRef = 3CFE4998216B4E280053BD30 /* CarTimerUITests.swift */; };
/* End PBXBuildFile section */

/* Begin PBXContainerItemProxy section */
		3CFE498A216B4E280053BD30 /* PBXContainerItemProxy */ = {
			isa = PBXContainerItemProxy;
			containerPortal = 3CFE496D216B4E260053BD30 /* Project object */;
			proxyType = 1;
			remoteGlobalIDString = 3CFE4974216B4E260053BD30;
			remoteInfo = CarTimer;
		};
		3CFE4995216B4E280053BD30 /* PBXContainerItemProxy */ = {
			isa = PBXContainerItemProxy;
			containerPortal = 3CFE496D216B4E260053BD30 /* Project object */;
			proxyType = 1;
			remoteGlobalIDString = 3CFE4974216B4E260053BD30;
			remoteInfo = CarTimer;
		};
/* End PBXContainerItemProxy section */

/* Begin PBXFileReference section */
		3CFE4975216B4E270053BD30 /* CarTimer.app */ = {isa = PBXFileReference; explicitFileType = wrapper.application; includeInIndex = 0; path = CarTimer.app; sourceTree = BUILT_PRODUCTS_DIR; };
		3CFE4978216B4E270053BD30 /* AppDelegate.swift */ = {isa = PBXFileReference; lastKnownFileType = sourcecode.swift; path = AppDelegate.swift; sourceTree = "<group>"; };
		3CFE497A216B4E270053BD30 /* ViewController.swift */ = {isa = PBXFileReference; lastKnownFileType = sourcecode.swift; path = ViewController.swift; sourceTree = "<group>"; };
		3CFE497D216B4E270053BD30 /* Base */ = {isa = PBXFileReference; lastKnownFileType = file.storyboard; name = Base; path = Base.lproj/Main.storyboard; sourceTree = "<group>"; };
		3CFE497F216B4E280053BD30 /* Assets.xcassets */ = {isa = PBXFileReference; lastKnownFileType = folder.assetcatalog; path = Assets.xcassets; sourceTree = "<group>"; };
		3CFE4982216B4E280053BD30 /* Base */ = {isa = PBXFileReference; lastKnownFileType = file.storyboard; name = Base; path = Base.lproj/LaunchScreen.storyboard; sourceTree = "<group>"; };
		3CFE4984216B4E280053BD30 /* Info.plist */ = {isa = PBXFileReference; lastKnownFileType = text.plist.xml; path = Info.plist; sourceTree = "<group>"; };
		3CFE4989216B4E280053BD30 /* CarTimerTests.xctest */ = {isa = PBXFileReference; explicitFileType = wrapper.cfbundle; includeInIndex = 0; path = CarTimerTests.xctest; sourceTree = BUILT_PRODUCTS_DIR; };
		3CFE498D216B4E280053BD30 /* CarTimerTests.swift */ = {isa = PBXFileReference; lastKnownFileType = sourcecode.swift; path = CarTimerTests.swift; sourceTree = "<group>"; };
		3CFE498F216B4E280053BD30 /* Info.plist */ = {isa = PBXFileReference; lastKnownFileType = text.plist.xml; path = Info.plist; sourceTree = "<group>"; };
		3CFE4994216B4E280053BD30 /* CarTimerUITests.xctest */ = {isa = PBXFileReference; explicitFileType = wrapper.cfbundle; includeInIndex = 0; path = CarTimerUITests.xctest; sourceTree = BUILT_PRODUCTS_DIR; };
		3CFE4998216B4E280053BD30 /* CarTimerUITests.swift */ = {isa = PBXFileReference; lastKnownFileType = sourcecode.swift; path = CarTimerUITests.swift; sourceTree = "<group>"; };
		3CFE499A216B4E280053BD30 /* Info.plist */ = {isa = PBXFileReference; lastKnownFileType = text.plist.xml; path = Info.plist; sourceTree = "<group>"; };
/* End PBXFileReference section */

/* Begin PBXFrameworksBuildPhase section */
		3CFE4972216B4E260053BD30 /* Frameworks */ = {
			isa = PBXFrameworksBuildPhase;
			buildActionMask = 2147483647;
			files = (
			);
			runOnlyForDeploymentPostprocessing = 0;
		};
		3CFE4986216B4E280053BD30 /* Frameworks */ = {
			isa = PBXFrameworksBuildPhase;
			buildActionMask = 2147483647;
			files = (
			);
			runOnlyForDeploymentPostprocessing = 0;
		};
		3CFE4991216B4E280053BD30 /* Frameworks */ = {
			isa = PBXFrameworksBuildPhase;
			buildActionMask = 2147483647;
			files = (
			);
			runOnlyForDeploymentPostprocessing = 0;
		};
/* End PBXFrameworksBuildPhase section */

/* Begin PBXGroup section */
		3CFE496C216B4E260053BD30 = {
			isa = PBXGroup;
			children = (
				3CFE4977216B4E270053BD30 /* CarTimer */,
				3CFE498C216B4E280053BD30 /* CarTimerTests */,
				3CFE4997216B4E280053BD30 /* CarTimerUITests */,
				3CFE4976216B4E270053BD30 /* Products */,
			);
			sourceTree = "<group>";
		};
		3CFE4976216B4E270053BD30 /* Products */ = {
			isa = PBXGroup;
			children = (
				3CFE4975216B4E270053BD30 /* CarTimer.app */,
				3CFE4989216B4E280053BD30 /* CarTimerTests.xctest */,
				3CFE4994216B4E280053BD30 /* CarTimerUITests.xctest */,
			);
			name = Products;
			sourceTree = "<group>";
		};
		3CFE4977216B4E270053BD30 /* CarTimer */ = {
			isa = PBXGroup;
			children = (
				3CFE4978216B4E270053BD30 /* AppDelegate.swift */,
				3CFE497A216B4E270053BD30 /* ViewController.swift */,
				3CFE497C216B4E270053BD30 /* Main.storyboard */,
				3CFE497F216B4E280053BD30 /* Assets.xcassets */,
				3CFE4981216B4E280053BD30 /* LaunchScreen.storyboard */,
				3CFE4984216B4E280053BD30 /* Info.plist */,
			);
			path = CarTimer;
			sourceTree = "<group>";
		};
		3CFE498C216B4E280053BD30 /* CarTimerTests */ = {
			isa = PBXGroup;
			children = (
				3CFE498D216B4E280053BD30 /* CarTimerTests.swift */,
				3CFE498F216B4E280053BD30 /* Info.plist */,
			);
			path = CarTimerTests;
			sourceTree = "<group>";
		};
		3CFE4997216B4E280053BD30 /* CarTimerUITests */ = {
			isa = PBXGroup;
			children = (
				3CFE4998216B4E280053BD30 /* CarTimerUITests.swift */,
				3CFE499A216B4E280053BD30 /* Info.plist */,
			);
			path = CarTimerUITests;
			sourceTree = "<group>";
		};
/* End PBXGroup section */

/* Begin PBXNativeTarget section */
		3CFE4974216B4E260053BD30 /* CarTimer */ = {
			isa = PBXNativeTarget;
			buildConfigurationList = 3CFE499D216B4E280053BD30 /* Build configuration list for PBXNativeTarget "CarTimer" */;
			buildPhases = (
				3CFE4971216B4E260053BD30 /* Sources */,
				3CFE4972216B4E260053BD30 /* Frameworks */,
				3CFE4973216B4E260053BD30 /* Resources */,
			);
			buildRules = (
			);
			dependencies = (
			);
			name = CarTimer;
			productName = CarTimer;
			productReference = 3CFE4975216B4E270053BD30 /* CarTimer.app */;
			productType = "com.apple.product-type.application";
		};
		3CFE4988216B4E280053BD30 /* CarTimerTests */ = {
			isa = PBXNativeTarget;
			buildConfigurationList = 3CFE49A0216B4E280053BD30 /* Build configuration list for PBXNativeTarget "CarTimerTests" */;
			buildPhases = (
				3CFE4985216B4E280053BD30 /* Sources */,
				3CFE4986216B4E280053BD30 /* Frameworks */,
				3CFE4987216B4E280053BD30 /* Resources */,
			);
			buildRules = (
			);
			dependencies = (
				3CFE498B216B4E280053BD30 /* PBXTargetDependency */,
			);
			name = CarTimerTests;
			productName = CarTimerTests;
			productReference = 3CFE4989216B4E280053BD30 /* CarTimerTests.xctest */;
			productType = "com.apple.product-type.bundle.unit-test";
		};
		3CFE4993216B4E280053BD30 /* CarTimerUITests */ = {
			isa = PBXNativeTarget;
			buildConfigurationList = 3CFE49A3216B4E280053BD30 /* Build configuration list for PBXNativeTarget "CarTimerUITests" */;
			buildPhases = (
				3CFE4990216B4E280053BD30 /* Sources */,
				3CFE4991216B4E280053BD30 /* Frameworks */,
				3CFE4992216B4E280053BD30 /* Resources */,
			);
			buildRules = (
			);
			dependencies = (
				3CFE4996216B4E280053BD30 /* PBXTargetDependency */,
			);
			name = CarTimerUITests;
			productName = CarTimerUITests;
			productReference = 3CFE4994216B4E280053BD30 /* CarTimerUITests.xctest */;
			productType = "com.apple.product-type.bundle.ui-testing";
		};
/* End PBXNativeTarget section */

/* Begin PBXProject section */
		3CFE496D216B4E260053BD30 /* Project object */ = {
			isa = PBXProject;
			attributes = {
				LastSwiftUpdateCheck = 1000;
				LastUpgradeCheck = 1000;
				ORGANIZATIONNAME = "Miguel Almeida";
				TargetAttributes = {
					3CFE4974216B4E260053BD30 = {
						CreatedOnToolsVersion = 10.0;
					};
					3CFE4988216B4E280053BD30 = {
						CreatedOnToolsVersion = 10.0;
						TestTargetID = 3CFE4974216B4E260053BD30;
					};
					3CFE4993216B4E280053BD30 = {
						CreatedOnToolsVersion = 10.0;
						TestTargetID = 3CFE4974216B4E260053BD30;
					};
				};
			};
			buildConfigurationList = 3CFE4970216B4E260053BD30 /* Build configuration list for PBXProject "CarTimer" */;
			compatibilityVersion = "Xcode 9.3";
			developmentRegion = en;
			hasScannedForEncodings = 0;
			knownRegions = (
				en,
				Base,
			);
			mainGroup = 3CFE496C216B4E260053BD30;
			productRefGroup = 3CFE4976216B4E270053BD30 /* Products */;
			projectDirPath = "";
			projectRoot = "";
			targets = (
				3CFE4974216B4E260053BD30 /* CarTimer */,
				3CFE4988216B4E280053BD30 /* CarTimerTests */,
				3CFE4993216B4E280053BD30 /* CarTimerUITests */,
			);
		};
/* End PBXProject section */

/* Begin PBXResourcesBuildPhase section */
		3CFE4973216B4E260053BD30 /* Resources */ = {
			isa = PBXResourcesBuildPhase;
			buildActionMask = 2147483647;
			files = (
				3CFE4983216B4E280053BD30 /* LaunchScreen.storyboard in Resources */,
				3CFE4980216B4E280053BD30 /* Assets.xcassets in Resources */,
				3CFE497E216B4E270053BD30 /* Main.storyboard in Resources */,
			);
			runOnlyForDeploymentPostprocessing = 0;
		};
		3CFE4987216B4E280053BD30 /* Resources */ = {
			isa = PBXResourcesBuildPhase;
			buildActionMask = 2147483647;
			files = (
			);
			runOnlyForDeploymentPostprocessing = 0;
		};
		3CFE4992216B4E280053BD30 /* Resources */ = {
			isa = PBXResourcesBuildPhase;
			buildActionMask = 2147483647;
			files = (
			);
			runOnlyForDeploymentPostprocessing = 0;
		};
/* End PBXResourcesBuildPhase section */

/* Begin PBXSourcesBuildPhase section */
		3CFE4971216B4E260053BD30 /* Sources */ = {
			isa = PBXSourcesBuildPhase;
			buildActionMask = 2147483647;
			files = (
				3CFE497B216B4E270053BD30 /* ViewController.swift in Sources */,
				3CFE4979216B4E270053BD30 /* AppDelegate.swift in Sources */,
			);
			runOnlyForDeploymentPostprocessing = 0;
		};
		3CFE4985216B4E280053BD30 /* Sources */ = {
			isa = PBXSourcesBuildPhase;
			buildActionMask = 2147483647;
			files = (
				3CFE498E216B4E280053BD30 /* CarTimerTests.swift in Sources */,
			);
			runOnlyForDeploymentPostprocessing = 0;
		};
		3CFE4990216B4E280053BD30 /* Sources */ = {
			isa = PBXSourcesBuildPhase;
			buildActionMask = 2147483647;
			files = (
				3CFE4999216B4E280053BD30 /* CarTimerUITests.swift in Sources */,
			);
			runOnlyForDeploymentPostprocessing = 0;
		};
/* End PBXSourcesBuildPhase section */

/* Begin PBXTargetDependency section */
		3CFE498B216B4E280053BD30 /* PBXTargetDependency */ = {
			isa = PBXTargetDependency;
			target = 3CFE4974216B4E260053BD30 /* CarTimer */;
			targetProxy = 3CFE498A216B4E280053BD30 /* PBXContainerItemProxy */;
		};
		3CFE4996216B4E280053BD30 /* PBXTargetDependency */ = {
			isa = PBXTargetDependency;
			target = 3CFE4974216B4E260053BD30 /* CarTimer */;
			targetProxy = 3CFE4995216B4E280053BD30 /* PBXContainerItemProxy */;
		};
/* End PBXTargetDependency section */

/* Begin PBXVariantGroup section */
		3CFE497C216B4E270053BD30 /* Main.storyboard */ = {
			isa = PBXVariantGroup;
			children = (
				3CFE497D216B4E270053BD30 /* Base */,
			);
			name = Main.storyboard;
			sourceTree = "<group>";
		};
		3CFE4981216B4E280053BD30 /* LaunchScreen.storyboard */ = {
			isa = PBXVariantGroup;
			children = (
				3CFE4982216B4E280053BD30 /* Base */,
			);
			name = LaunchScreen.storyboard;
			sourceTree = "<group>";
		};
/* End PBXVariantGroup section */

/* Begin XCBuildConfiguration section */
		3CFE499B216B4E280053BD30 /* Debug */ = {
			isa = XCBuildConfiguration;
			buildSettings = {
				ALWAYS_SEARCH_USER_PATHS = NO;
				CLANG_ANALYZER_NONNULL = YES;
				CLANG_ANALYZER_NUMBER_OBJECT_CONVERSION = YES_AGGRESSIVE;
				CLANG_CXX_LANGUAGE_STANDARD = "gnu++14";
				CLANG_CXX_LIBRARY = "libc++";
				CLANG_ENABLE_MODULES = YES;
				CLANG_ENABLE_OBJC_ARC = YES;
				CLANG_ENABLE_OBJC_WEAK = YES;
				CLANG_WARN_BLOCK_CAPTURE_AUTORELEASING = YES;
				CLANG_WARN_BOOL_CONVERSION = YES;
				CLANG_WARN_COMMA = YES;
				CLANG_WARN_CONSTANT_CONVERSION = YES;
				CLANG_WARN_DEPRECATED_OBJC_IMPLEMENTATIONS = YES;
				CLANG_WARN_DIRECT_OBJC_ISA_USAGE = YES_ERROR;
				CLANG_WARN_DOCUMENTATION_COMMENTS = YES;
				CLANG_WARN_EMPTY_BODY = YES;
				CLANG_WARN_ENUM_CONVERSION = YES;
				CLANG_WARN_INFINITE_RECURSION = YES;
				CLANG_WARN_INT_CONVERSION = YES;
				CLANG_WARN_NON_LITERAL_NULL_CONVERSION = YES;
				CLANG_WARN_OBJC_IMPLICIT_RETAIN_SELF = YES;
				CLANG_WARN_OBJC_LITERAL_CONVERSION = YES;
				CLANG_WARN_OBJC_ROOT_CLASS = YES_ERROR;
				CLANG_WARN_RANGE_LOOP_ANALYSIS = YES;
				CLANG_WARN_STRICT_PROTOTYPES = YES;
				CLANG_WARN_SUSPICIOUS_MOVE = YES;
				CLANG_WARN_UNGUARDED_AVAILABILITY = YES_AGGRESSIVE;
				CLANG_WARN_UNREACHABLE_CODE = YES;
				CLANG_WARN__DUPLICATE_METHOD_MATCH = YES;
				CODE_SIGN_IDENTITY = "iPhone Developer";
				COPY_PHASE_STRIP = NO;
				DEBUG_INFORMATION_FORMAT = dwarf;
				ENABLE_STRICT_OBJC_MSGSEND = YES;
				ENABLE_TESTABILITY = YES;
				GCC_C_LANGUAGE_STANDARD = gnu11;
				GCC_DYNAMIC_NO_PIC = NO;
				GCC_NO_COMMON_BLOCKS = YES;
				GCC_OPTIMIZATION_LEVEL = 0;
				GCC_PREPROCESSOR_DEFINITIONS = (
					"DEBUG=1",
					"$(inherited)",
				);
				GCC_WARN_64_TO_32_BIT_CONVERSION = YES;
				GCC_WARN_ABOUT_RETURN_TYPE = YES_ERROR;
				GCC_WARN_UNDECLARED_SELECTOR = YES;
				GCC_WARN_UNINITIALIZED_AUTOS = YES_AGGRESSIVE;
				GCC_WARN_UNUSED_FUNCTION = YES;
				GCC_WARN_UNUSED_VARIABLE = YES;
				IPHONEOS_DEPLOYMENT_TARGET = 12.0;
				MTL_ENABLE_DEBUG_INFO = INCLUDE_SOURCE;
				MTL_FAST_MATH = YES;
				ONLY_ACTIVE_ARCH = YES;
				SDKROOT = iphoneos;
				SWIFT_ACTIVE_COMPILATION_CONDITIONS = DEBUG;
				SWIFT_OPTIMIZATION_LEVEL = "-Onone";
			};
			name = Debug;
		};
		3CFE499C216B4E280053BD30 /* Release */ = {
			isa = XCBuildConfiguration;
			buildSettings = {
				ALWAYS_SEARCH_USER_PATHS = NO;
				CLANG_ANALYZER_NONNULL = YES;
				CLANG_ANALYZER_NUMBER_OBJECT_CONVERSION = YES_AGGRESSIVE;
				CLANG_CXX_LANGUAGE_STANDARD = "gnu++14";
				CLANG_CXX_LIBRARY = "libc++";
				CLANG_ENABLE_MODULES = YES;
				CLANG_ENABLE_OBJC_ARC = YES;
				CLANG_ENABLE_OBJC_WEAK = YES;
				CLANG_WARN_BLOCK_CAPTURE_AUTORELEASING = YES;
				CLANG_WARN_BOOL_CONVERSION = YES;
				CLANG_WARN_COMMA = YES;
				CLANG_WARN_CONSTANT_CONVERSION = YES;
				CLANG_WARN_DEPRECATED_OBJC_IMPLEMENTATIONS = YES;
				CLANG_WARN_DIRECT_OBJC_ISA_USAGE = YES_ERROR;
				CLANG_WARN_DOCUMENTATION_COMMENTS = YES;
				CLANG_WARN_EMPTY_BODY = YES;
				CLANG_WARN_ENUM_CONVERSION = YES;
				CLANG_WARN_INFINITE_RECURSION = YES;
				CLANG_WARN_INT_CONVERSION = YES;
				CLANG_WARN_NON_LITERAL_NULL_CONVERSION = YES;
				CLANG_WARN_OBJC_IMPLICIT_RETAIN_SELF = YES;
				CLANG_WARN_OBJC_LITERAL_CONVERSION = YES;
				CLANG_WARN_OBJC_ROOT_CLASS = YES_ERROR;
				CLANG_WARN_RANGE_LOOP_ANALYSIS = YES;
				CLANG_WARN_STRICT_PROTOTYPES = YES;
				CLANG_WARN_SUSPICIOUS_MOVE = YES;
				CLANG_WARN_UNGUARDED_AVAILABILITY = YES_AGGRESSIVE;
				CLANG_WARN_UNREACHABLE_CODE = YES;
				CLANG_WARN__DUPLICATE_METHOD_MATCH = YES;
				CODE_SIGN_IDENTITY = "iPhone Developer";
				COPY_PHASE_STRIP = NO;
				DEBUG_INFORMATION_FORMAT = "dwarf-with-dsym";
				ENABLE_NS_ASSERTIONS = NO;
				ENABLE_STRICT_OBJC_MSGSEND = YES;
				GCC_C_LANGUAGE_STANDARD = gnu11;
				GCC_NO_COMMON_BLOCKS = YES;
				GCC_WARN_64_TO_32_BIT_CONVERSION = YES;
				GCC_WARN_ABOUT_RETURN_TYPE = YES_ERROR;
				GCC_WARN_UNDECLARED_SELECTOR = YES;
				GCC_WARN_UNINITIALIZED_AUTOS = YES_AGGRESSIVE;
				GCC_WARN_UNUSED_FUNCTION = YES;
				GCC_WARN_UNUSED_VARIABLE = YES;
				IPHONEOS_DEPLOYMENT_TARGET = 12.0;
				MTL_ENABLE_DEBUG_INFO = NO;
				MTL_FAST_MATH = YES;
				SDKROOT = iphoneos;
				SWIFT_COMPILATION_MODE = wholemodule;
				SWIFT_OPTIMIZATION_LEVEL = "-O";
				VALIDATE_PRODUCT = YES;
			};
			name = Release;
		};
		3CFE499E216B4E280053BD30 /* Debug */ = {
			isa = XCBuildConfiguration;
			buildSettings = {
				ASSETCATALOG_COMPILER_APPICON_NAME = AppIcon;
				CODE_SIGN_STYLE = Automatic;
				DEVELOPMENT_TEAM = G3K7C6ESZA;
				INFOPLIST_FILE = CarTimer/Info.plist;
				LD_RUNPATH_SEARCH_PATHS = (
					"$(inherited)",
					"@executable_path/Frameworks",
				);
				PRODUCT_BUNDLE_IDENTIFIER = miguel.almeida.CarTimer;
				PRODUCT_NAME = "$(TARGET_NAME)";
				SWIFT_VERSION = 4.2;
				TARGETED_DEVICE_FAMILY = "1,2";
			};
			name = Debug;
		};
		3CFE499F216B4E280053BD30 /* Release */ = {
			isa = XCBuildConfiguration;
			buildSettings = {
				ASSETCATALOG_COMPILER_APPICON_NAME = AppIcon;
				CODE_SIGN_STYLE = Automatic;
				DEVELOPMENT_TEAM = G3K7C6ESZA;
				INFOPLIST_FILE = CarTimer/Info.plist;
				LD_RUNPATH_SEARCH_PATHS = (
					"$(inherited)",
					"@executable_path/Frameworks",
				);
				PRODUCT_BUNDLE_IDENTIFIER = miguel.almeida.CarTimer;
				PRODUCT_NAME = "$(TARGET_NAME)";
				SWIFT_VERSION = 4.2;
				TARGETED_DEVICE_FAMILY = "1,2";
			};
			name = Release;
		};
		3CFE49A1216B4E280053BD30 /* Debug */ = {
			isa = XCBuildConfiguration;
			buildSettings = {
				ALWAYS_EMBED_SWIFT_STANDARD_LIBRARIES = YES;
				BUNDLE_LOADER = "$(TEST_HOST)";
				CODE_SIGN_STYLE = Automatic;
				DEVELOPMENT_TEAM = G3K7C6ESZA;
				INFOPLIST_FILE = CarTimerTests/Info.plist;
				LD_RUNPATH_SEARCH_PATHS = (
					"$(inherited)",
					"@executable_path/Frameworks",
					"@loader_path/Frameworks",
				);
				PRODUCT_BUNDLE_IDENTIFIER = miguel.almeida.CarTimerTests;
				PRODUCT_NAME = "$(TARGET_NAME)";
				SWIFT_VERSION = 4.2;
				TARGETED_DEVICE_FAMILY = "1,2";
				TEST_HOST = "$(BUILT_PRODUCTS_DIR)/CarTimer.app/CarTimer";
			};
			name = Debug;
		};
		3CFE49A2216B4E280053BD30 /* Release */ = {
			isa = XCBuildConfiguration;
			buildSettings = {
				ALWAYS_EMBED_SWIFT_STANDARD_LIBRARIES = YES;
				BUNDLE_LOADER = "$(TEST_HOST)";
				CODE_SIGN_STYLE = Automatic;
				DEVELOPMENT_TEAM = G3K7C6ESZA;
				INFOPLIST_FILE = CarTimerTests/Info.plist;
				LD_RUNPATH_SEARCH_PATHS = (
					"$(inherited)",
					"@executable_path/Frameworks",
					"@loader_path/Frameworks",
				);
				PRODUCT_BUNDLE_IDENTIFIER = miguel.almeida.CarTimerTests;
				PRODUCT_NAME = "$(TARGET_NAME)";
				SWIFT_VERSION = 4.2;
				TARGETED_DEVICE_FAMILY = "1,2";
				TEST_HOST = "$(BUILT_PRODUCTS_DIR)/CarTimer.app/CarTimer";
			};
			name = Release;
		};
		3CFE49A4216B4E280053BD30 /* Debug */ = {
			isa = XCBuildConfiguration;
			buildSettings = {
				ALWAYS_EMBED_SWIFT_STANDARD_LIBRARIES = YES;
				CODE_SIGN_STYLE = Automatic;
				DEVELOPMENT_TEAM = G3K7C6ESZA;
				INFOPLIST_FILE = CarTimerUITests/Info.plist;
				LD_RUNPATH_SEARCH_PATHS = (
					"$(inherited)",
					"@executable_path/Frameworks",
					"@loader_path/Frameworks",
				);
				PRODUCT_BUNDLE_IDENTIFIER = miguel.almeida.CarTimerUITests;
				PRODUCT_NAME = "$(TARGET_NAME)";
				SWIFT_VERSION = 4.2;
				TARGETED_DEVICE_FAMILY = "1,2";
				TEST_TARGET_NAME = CarTimer;
			};
			name = Debug;
		};
		3CFE49A5216B4E280053BD30 /* Release */ = {
			isa = XCBuildConfiguration;
			buildSettings = {
				ALWAYS_EMBED_SWIFT_STANDARD_LIBRARIES = YES;
				CODE_SIGN_STYLE = Automatic;
				DEVELOPMENT_TEAM = G3K7C6ESZA;
				INFOPLIST_FILE = CarTimerUITests/Info.plist;
				LD_RUNPATH_SEARCH_PATHS = (
					"$(inherited)",
					"@executable_path/Frameworks",
					"@loader_path/Frameworks",
				);
				PRODUCT_BUNDLE_IDENTIFIER = miguel.almeida.CarTimerUITests;
				PRODUCT_NAME = "$(TARGET_NAME)";
				SWIFT_VERSION = 4.2;
				TARGETED_DEVICE_FAMILY = "1,2";
				TEST_TARGET_NAME = CarTimer;
			};
			name = Release;
		};
/* End XCBuildConfiguration section */

/* Begin XCConfigurationList section */
		3CFE4970216B4E260053BD30 /* Build configuration list for PBXProject "CarTimer" */ = {
			isa = XCConfigurationList;
			buildConfigurations = (
				3CFE499B216B4E280053BD30 /* Debug */,
				3CFE499C216B4E280053BD30 /* Release */,
			);
			defaultConfigurationIsVisible = 0;
			defaultConfigurationName = Release;
		};
		3CFE499D216B4E280053BD30 /* Build configuration list for PBXNativeTarget "CarTimer" */ = {
			isa = XCConfigurationList;
			buildConfigurations = (
				3CFE499E216B4E280053BD30 /* Debug */,
				3CFE499F216B4E280053BD30 /* Release */,
			);
			defaultConfigurationIsVisible = 0;
			defaultConfigurationName = Release;
		};
		3CFE49A0216B4E280053BD30 /* Build configuration list for PBXNativeTarget "CarTimerTests" */ = {
			isa = XCConfigurationList;
			buildConfigurations = (
				3CFE49A1216B4E280053BD30 /* Debug */,
				3CFE49A2216B4E280053BD30 /* Release */,
			);
			defaultConfigurationIsVisible = 0;
			defaultConfigurationName = Release;
		};
		3CFE49A3216B4E280053BD30 /* Build configuration list for PBXNativeTarget "CarTimerUITests" */ = {
			isa = XCConfigurationList;
			buildConfigurations = (
				3CFE49A4216B4E280053BD30 /* Debug */,
				3CFE49A5216B4E280053BD30 /* Release */,
			);
			defaultConfigurationIsVisible = 0;
			defaultConfigurationName = Release;
		};
/* End XCConfigurationList section */
	};
	rootObject = 3CFE496D216B4E260053BD30 /* Project object */;
}
